
Microsoft Visual Studio Solution File, Format Version 12.00
# Visual Studio Version 17
VisualStudioVersion = 17.14.36301.6 d17.14
MinimumVisualStudioVersion = 10.0.40219.1
Project("{8BC9CEB8-8B4A-11D0-8D11-00A0C91BC942}") = "Problem21", "Problem21.vcxproj", "{D08A70D3-BD9C-4D32-8228-5D9EA38BD6CE}"
EndProject
Global
	GlobalSection(SolutionConfigurationPlatforms) = preSolution
		Debug|x64 = Debug|x64
		Debug|x86 = Debug|x86
		Release|x64 = Release|x64
		Release|x86 = Release|x86
	EndGlobalSection
	GlobalSection(ProjectConfigurationPlatforms) = postSolution
		{D08A70D3-BD9C-4D32-8228-5D9EA38BD6CE}.Debug|x64.ActiveCfg = Debug|x64
		{D08A70D3-BD9C-4D32-8228-5D9EA38BD6CE}.Debug|x64.Build.0 = Debug|x64
		{D08A70D3-BD9C-4D32-8228-5D9EA38BD6CE}.Debug|x86.ActiveCfg = Debug|Win32
		{D08A70D3-BD9C-4D32-8228-5D9EA38BD6CE}.Debug|x86.Build.0 = Debug|Win32
		{D08A70D3-BD9C-4D32-8228-5D9EA38BD6CE}.Release|x64.ActiveCfg = Release|x64
		{D08A70D3-BD9C-4D32-8228-5D9EA38BD6CE}.Release|x64.Build.0 = Release|x64
		{D08A70D3-BD9C-4D32-8228-5D9EA38BD6CE}.Release|x86.ActiveCfg = Release|Win32
		{D08A70D3-BD9C-4D32-8228-5D9EA38BD6CE}.Release|x86.Build.0 = Release|Win32
	EndGlobalSection
	GlobalSection(SolutionProperties) = preSolution
		HideSolutionNode = FALSE
	EndGlobalSection
	GlobalSection(ExtensibilityGlobals) = postSolution
		SolutionGuid = {7D45EF08-24D1-441D-9674-5CE541B253E8}
	EndGlobalSection
EndGlobal
