
Microsoft Visual Studio Solution File, Format Version 12.00
# Visual Studio Version 17
VisualStudioVersion = 17.14.36310.24 d17.14
MinimumVisualStudioVersion = 10.0.40219.1
Project("{8BC9CEB8-8B4A-11D0-8D11-00A0C91BC942}") = "Problem #25", "Problem #25.vcxproj", "{90D17E6D-0F98-46BB-9B42-A697FB032371}"
EndProject
Global
	GlobalSection(SolutionConfigurationPlatforms) = preSolution
		Debug|x64 = Debug|x64
		Debug|x86 = Debug|x86
		Release|x64 = Release|x64
		Release|x86 = Release|x86
	EndGlobalSection
	GlobalSection(ProjectConfigurationPlatforms) = postSolution
		{90D17E6D-0F98-46BB-9B42-A697FB032371}.Debug|x64.ActiveCfg = Debug|x64
		{90D17E6D-0F98-46BB-9B42-A697FB032371}.Debug|x64.Build.0 = Debug|x64
		{90D17E6D-0F98-46BB-9B42-A697FB032371}.Debug|x86.ActiveCfg = Debug|Win32
		{90D17E6D-0F98-46BB-9B42-A697FB032371}.Debug|x86.Build.0 = Debug|Win32
		{90D17E6D-0F98-46BB-9B42-A697FB032371}.Release|x64.ActiveCfg = Release|x64
		{90D17E6D-0F98-46BB-9B42-A697FB032371}.Release|x64.Build.0 = Release|x64
		{90D17E6D-0F98-46BB-9B42-A697FB032371}.Release|x86.ActiveCfg = Release|Win32
		{90D17E6D-0F98-46BB-9B42-A697FB032371}.Release|x86.Build.0 = Release|Win32
	EndGlobalSection
	GlobalSection(SolutionProperties) = preSolution
		HideSolutionNode = FALSE
	EndGlobalSection
	GlobalSection(ExtensibilityGlobals) = postSolution
		SolutionGuid = {07A31B8D-4FD6-421C-BC24-016A1E22A3E8}
	EndGlobalSection
EndGlobal
